<?xml version="1.0" encoding="utf-8"?>
<Project ToolsVersion="4.0" xmlns="http://schemas.microsoft.com/developer/msbuild/2003">
  <ItemGroup>
    <ClCompile Include="..\src\ext\auxparse\auxparse.cpp">
      <Filter>core</Filter>
    </ClCompile>
    <ClCompile Include="..\src\ext\genmath\gmfft.cpp">
      <Filter>core</Filter>
    </ClCompile>
    <ClCompile Include="..\src\ext\genmath\gmtrans.cpp">
      <Filter>core</Filter>
    </ClCompile>
    <ClCompile Include="..\src\core\radapl1.cpp">
      <Filter>core</Filter>
    </ClCompile>
    <ClCompile Include="..\src\core\radapl2.cpp">
      <Filter>core</Filter>
    </ClCompile>
    <ClCompile Include="..\src\core\radapl3.cpp">
      <Filter>core</Filter>
    </ClCompile>
    <ClCompile Include="..\src\core\radapl4.cpp">
      <Filter>core</Filter>
    </ClCompile>
    <ClCompile Include="..\src\core\radapl5.cpp">
      <Filter>core</Filter>
    </ClCompile>
    <ClCompile Include="..\src\core\radapl6.cpp">
      <Filter>core</Filter>
    </ClCompile>
    <ClCompile Include="..\src\core\radapl7.cpp">
      <Filter>core</Filter>
    </ClCompile>
    <ClCompile Include="..\src\core\radarccu.cpp">
      <Filter>core</Filter>
    </ClCompile>
    <ClCompile Include="..\src\core\radcast.cpp">
      <Filter>core</Filter>
    </ClCompile>
    <ClCompile Include="..\src\core\radexpgn.cpp">
      <Filter>core</Filter>
    </ClCompile>
    <ClCompile Include="..\src\core\radflm.cpp">
      <Filter>core</Filter>
    </ClCompile>
    <ClCompile Include="..\src\core\radg3d.cpp">
      <Filter>core</Filter>
    </ClCompile>
    <ClCompile Include="..\src\core\radg3dgr.cpp">
      <Filter>core</Filter>
    </ClCompile>
    <ClCompile Include="..\src\core\radgroup.cpp">
      <Filter>core</Filter>
    </ClCompile>
    <ClCompile Include="..\src\clients\mathlink\radia_tm_win.c">
      <Filter>math</Filter>
    </ClCompile>
    <ClCompile Include="..\src\core\radintrc.cpp">
      <Filter>core</Filter>
    </ClCompile>
    <ClCompile Include="..\src\core\radiobuf.cpp">
      <Filter>core</Filter>
    </ClCompile>
    <ClCompile Include="..\src\core\radmamet.cpp">
      <Filter>core</Filter>
    </ClCompile>
    <ClCompile Include="..\src\core\radmater.cpp">
      <Filter>core</Filter>
    </ClCompile>
    <ClCompile Include="..\src\core\radplnr1.cpp">
      <Filter>core</Filter>
    </ClCompile>
    <ClCompile Include="..\src\core\radplnr2.cpp">
      <Filter>core</Filter>
    </ClCompile>
    <ClCompile Include="..\src\core\radptrj.cpp">
      <Filter>core</Filter>
    </ClCompile>
    <ClCompile Include="..\src\core\radrec.cpp">
      <Filter>core</Filter>
    </ClCompile>
    <ClCompile Include="..\src\core\radrlmet.cpp">
      <Filter>core</Filter>
    </ClCompile>
    <ClCompile Include="..\src\core\radsbdac.cpp">
      <Filter>core</Filter>
    </ClCompile>
    <ClCompile Include="..\src\core\radsbdep.cpp">
      <Filter>core</Filter>
    </ClCompile>
    <ClCompile Include="..\src\core\radsbdrc.cpp">
      <Filter>core</Filter>
    </ClCompile>
    <ClCompile Include="..\src\core\radsbdvp.cpp">
      <Filter>core</Filter>
    </ClCompile>
    <ClCompile Include="..\src\core\radsend.cpp">
      <Filter>core</Filter>
    </ClCompile>
    <ClCompile Include="..\src\core\radvlpgn.cpp">
      <Filter>core</Filter>
    </ClCompile>
    <ClCompile Include="..\src\ext\triangle\triangle.c">
      <Filter>core</Filter>
    </ClCompile>
    <ClCompile Include="..\src\core\radinter.cpp">
      <Filter>core</Filter>
    </ClCompile>
  </ItemGroup>
  <ItemGroup>
    <ClInclude Include="..\src\clients\mathlink\mathlink_wrap.h">
      <Filter>core</Filter>
    </ClInclude>
    <ClInclude Include="..\src\ext\auxparse\auxparse.h">
      <Filter>core</Filter>
    </ClInclude>
    <ClInclude Include="..\src\ext\genmath\gmfft.h">
      <Filter>core</Filter>
    </ClInclude>
    <ClInclude Include="..\src\ext\genmath\gmtrans.h">
      <Filter>core</Filter>
    </ClInclude>
    <ClInclude Include="..\src\ext\genmath\gmvbstr.h">
      <Filter>core</Filter>
    </ClInclude>
    <ClInclude Include="..\src\ext\genmath\gmvect.h">
      <Filter>core</Filter>
    </ClInclude>
    <ClInclude Include="..\src\ext\genmath\gmvectf.h">
      <Filter>core</Filter>
    </ClInclude>
    <ClInclude Include="..\src\core\radapl1.h">
      <Filter>core</Filter>
    </ClInclude>
    <ClInclude Include="..\src\core\radappl.h">
      <Filter>core</Filter>
    </ClInclude>
    <ClInclude Include="..\src\core\radarccu.h">
      <Filter>core</Filter>
    </ClInclude>
    <ClInclude Include="..\src\core\radhandl.h">
      <Filter>core</Filter>
    </ClInclude>
    <ClInclude Include="..\src\core\radauxst.h">
      <Filter>core</Filter>
    </ClInclude>
    <ClInclude Include="..\src\core\radcast.h">
      <Filter>core</Filter>
    </ClInclude>
    <ClInclude Include="..\src\core\radcnvrg.h">
      <Filter>core</Filter>
    </ClInclude>
    <ClInclude Include="..\src\core\radexcep.h">
      <Filter>core</Filter>
    </ClInclude>
    <ClInclude Include="..\src\core\radexpgn.h">
      <Filter>core</Filter>
    </ClInclude>
    <ClInclude Include="..\src\core\radflm.h">
      <Filter>core</Filter>
    </ClInclude>
    <ClInclude Include="..\src\core\radg.h">
      <Filter>core</Filter>
    </ClInclude>
    <ClInclude Include="..\src\core\radg3d.h">
      <Filter>core</Filter>
    </ClInclude>
    <ClInclude Include="..\src\core\radg3da1.h">
      <Filter>core</Filter>
    </ClInclude>
    <ClInclude Include="..\src\core\radg3dgr.h">
      <Filter>core</Filter>
    </ClInclude>
    <ClInclude Include="..\src\core\radgroup.h">
      <Filter>core</Filter>
    </ClInclude>
    <ClInclude Include="..\src\core\radintrc.h">
      <Filter>core</Filter>
    </ClInclude>
    <ClInclude Include="..\src\core\radiobuf.h">
      <Filter>core</Filter>
    </ClInclude>
    <ClInclude Include="..\src\core\radmamet.h">
      <Filter>core</Filter>
    </ClInclude>
    <ClInclude Include="..\src\core\radmater.h">
      <Filter>core</Filter>
    </ClInclude>
    <ClInclude Include="..\src\core\radmtra1.h">
      <Filter>core</Filter>
    </ClInclude>
    <ClInclude Include="..\src\core\radopnam.h">
      <Filter>core</Filter>
    </ClInclude>
    <ClInclude Include="..\src\core\radplnr.h">
      <Filter>core</Filter>
    </ClInclude>
    <ClInclude Include="..\src\core\radptrj.h">
      <Filter>core</Filter>
    </ClInclude>
    <ClInclude Include="..\src\core\radrec.h">
      <Filter>core</Filter>
    </ClInclude>
    <ClInclude Include="..\src\core\radrlmet.h">
      <Filter>core</Filter>
    </ClInclude>
    <ClInclude Include="..\src\core\radsbdac.h">
      <Filter>core</Filter>
    </ClInclude>
    <ClInclude Include="..\src\core\radsbdep.h">
      <Filter>core</Filter>
    </ClInclude>
    <ClInclude Include="..\src\core\radsbdrc.h">
      <Filter>core</Filter>
    </ClInclude>
    <ClInclude Include="..\src\core\radsbdvp.h">
      <Filter>core</Filter>
    </ClInclude>
    <ClInclude Include="..\src\core\radsend.h">
      <Filter>core</Filter>
    </ClInclude>
    <ClInclude Include="..\src\core\radstlon.h">
      <Filter>core</Filter>
    </ClInclude>
    <ClInclude Include="..\src\core\radtrans.h">
      <Filter>core</Filter>
    </ClInclude>
    <ClInclude Include="..\src\core\radvlpgn.h">
      <Filter>core</Filter>
    </ClInclude>
    <ClInclude Include="..\src\core\radyield.h">
      <Filter>core</Filter>
    </ClInclude>
    <ClInclude Include="..\src\ext\triangle\triangle.h">
      <Filter>core</Filter>
    </ClInclude>
  </ItemGroup>
  <ItemGroup>
    <Filter Include="core">
      <UniqueIdentifier>{25fb0064-9a03-4dbe-9292-11fce135eb97}</UniqueIdentifier>
    </Filter>
    <Filter Include="math">
      <UniqueIdentifier>{29735dcc-ba0e-4082-89f5-e69fe292d092}</UniqueIdentifier>
    </Filter>
  </ItemGroup>
  <ItemGroup>
    <CustomBuild Include="..\src\clients\mathlink\radia.tm">
      <Filter>math</Filter>
    </CustomBuild>
  </ItemGroup>
</Project>