<?xml version="1.0" encoding="utf-8"?>
<Project ToolsVersion="4.0" xmlns="http://schemas.microsoft.com/developer/msbuild/2003">
  <ItemGroup>
    <ClCompile Include="..\src\ext\auxparse\auxparse.cpp">
      <Filter>core</Filter>
    </ClCompile>
    <ClCompile Include="..\src\ext\genmath\gmfft.cpp">
      <Filter>core</Filter>
    </ClCompile>
    <ClCompile Include="..\src\ext\genmath\gmtrans.cpp">
      <Filter>core</Filter>
    </ClCompile>
    <ClCompile Include="..\src\core\radapl1.cpp">
      <Filter>core</Filter>
    </ClCompile>
    <ClCompile Include="..\src\core\radapl2.cpp">
      <Filter>core</Filter>
    </ClCompile>
    <ClCompile Include="..\src\core\radapl3.cpp">
      <Filter>core</Filter>
    </ClCompile>
    <ClCompile Include="..\src\core\radapl4.cpp">
      <Filter>core</Filter>
    </ClCompile>
    <ClCompile Include="..\src\core\radapl5.cpp">
      <Filter>core</Filter>
    </ClCompile>
    <ClCompile Include="..\src\core\radapl6.cpp">
      <Filter>core</Filter>
    </ClCompile>
    <ClCompile Include="..\src\core\radapl7.cpp">
      <Filter>core</Filter>
    </ClCompile>
    <ClCompile Include="..\src\core\radarccu.cpp">
      <Filter>core</Filter>
    </ClCompile>
    <ClCompile Include="..\src\core\radcast.cpp">
      <Filter>core</Filter>
    </ClCompile>
    <ClCompile Include="..\src\core\radexpgn.cpp">
      <Filter>core</Filter>
    </ClCompile>
    <ClCompile Include="..\src\core\radflm.cpp">
      <Filter>core</Filter>
    </ClCompile>
    <ClCompile Include="..\src\core\radg3d.cpp">
      <Filter>core</Filter>
    </ClCompile>
    <ClCompile Include="..\src\core\radg3dgr.cpp">
      <Filter>core</Filter>
    </ClCompile>
    <ClCompile Include="..\src\core\radgroup.cpp">
      <Filter>core</Filter>
    </ClCompile>
    <ClCompile Include="..\src\core\radinter.cpp">
      <Filter>core</Filter>
    </ClCompile>
    <ClCompile Include="..\src\core\radintrc.cpp">
      <Filter>core</Filter>
    </ClCompile>
    <ClCompile Include="..\src\core\radiobuf.cpp">
      <Filter>core</Filter>
    </ClCompile>
    <ClCompile Include="..\src\core\radmamet.cpp">
      <Filter>core</Filter>
    </ClCompile>
    <ClCompile Include="..\src\core\radmater.cpp">
      <Filter>core</Filter>
    </ClCompile>
    <ClCompile Include="..\src\core\radplnr1.cpp">
      <Filter>core</Filter>
    </ClCompile>
    <ClCompile Include="..\src\core\radplnr2.cpp">
      <Filter>core</Filter>
    </ClCompile>
    <ClCompile Include="..\src\core\radptrj.cpp">
      <Filter>core</Filter>
    </ClCompile>
    <ClCompile Include="..\src\core\radrec.cpp">
      <Filter>core</Filter>
    </ClCompile>
    <ClCompile Include="..\src\core\radrlmet.cpp">
      <Filter>core</Filter>
    </ClCompile>
    <ClCompile Include="..\src\core\radsbdac.cpp">
      <Filter>core</Filter>
    </ClCompile>
    <ClCompile Include="..\src\core\radsbdep.cpp">
      <Filter>core</Filter>
    </ClCompile>
    <ClCompile Include="..\src\core\radsbdrc.cpp">
      <Filter>core</Filter>
    </ClCompile>
    <ClCompile Include="..\src\core\radsbdvp.cpp">
      <Filter>core</Filter>
    </ClCompile>
    <ClCompile Include="..\src\core\radsend.cpp">
      <Filter>core</Filter>
    </ClCompile>
    <ClCompile Include="..\src\core\radvlpgn.cpp">
      <Filter>core</Filter>
    </ClCompile>
    <ClCompile Include="..\src\lib\radentry.cpp">
      <Filter>lib</Filter>
    </ClCompile>
    <ClCompile Include="..\src\ext\triangle\triangle.c">
      <Filter>core</Filter>
    </ClCompile>
  </ItemGroup>
  <ItemGroup>
    <ClInclude Include="..\src\ext\auxparse\auxparse.h">
      <Filter>core</Filter>
    </ClInclude>
    <ClInclude Include="..\src\ext\genmath\gmfft.h">
      <Filter>core</Filter>
    </ClInclude>
    <ClInclude Include="..\src\ext\genmath\gminterf.h">
      <Filter>core</Filter>
    </ClInclude>
    <ClInclude Include="..\src\ext\genmath\gmtrans.h">
      <Filter>core</Filter>
    </ClInclude>
    <ClInclude Include="..\src\ext\genmath\gmvect.h">
      <Filter>core</Filter>
    </ClInclude>
    <ClInclude Include="..\src\ext\genmath\gmvectf.h">
      <Filter>core</Filter>
    </ClInclude>
    <ClInclude Include="..\src\core\radapl1.h">
      <Filter>core</Filter>
    </ClInclude>
    <ClInclude Include="..\src\core\radappl.h">
      <Filter>core</Filter>
    </ClInclude>
    <ClInclude Include="..\src\core\radarccu.h">
      <Filter>core</Filter>
    </ClInclude>
    <ClInclude Include="..\src\core\radcast.h">
      <Filter>core</Filter>
    </ClInclude>
    <ClInclude Include="..\src\core\radexpgn.h">
      <Filter>core</Filter>
    </ClInclude>
    <ClInclude Include="..\src\core\radflm.h">
      <Filter>core</Filter>
    </ClInclude>
    <ClInclude Include="..\src\core\radg3d.h">
      <Filter>core</Filter>
    </ClInclude>
    <ClInclude Include="..\src\core\radg3dgr.h">
      <Filter>core</Filter>
    </ClInclude>
    <ClInclude Include="..\src\core\radgroup.h">
      <Filter>core</Filter>
    </ClInclude>
    <ClInclude Include="..\src\core\radintrc.h">
      <Filter>core</Filter>
    </ClInclude>
    <ClInclude Include="..\src\core\radiobuf.h">
      <Filter>core</Filter>
    </ClInclude>
    <ClInclude Include="..\src\core\radmamet.h">
      <Filter>core</Filter>
    </ClInclude>
    <ClInclude Include="..\src\core\radmater.h">
      <Filter>core</Filter>
    </ClInclude>
    <ClInclude Include="..\src\core\radptrj.h">
      <Filter>core</Filter>
    </ClInclude>
    <ClInclude Include="..\src\core\radrec.h">
      <Filter>core</Filter>
    </ClInclude>
    <ClInclude Include="..\src\core\radrlmet.h">
      <Filter>core</Filter>
    </ClInclude>
    <ClInclude Include="..\src\core\radsbdac.h">
      <Filter>core</Filter>
    </ClInclude>
    <ClInclude Include="..\src\core\radsbdep.h">
      <Filter>core</Filter>
    </ClInclude>
    <ClInclude Include="..\src\core\radsbdrc.h">
      <Filter>core</Filter>
    </ClInclude>
    <ClInclude Include="..\src\core\radsbdvp.h">
      <Filter>core</Filter>
    </ClInclude>
    <ClInclude Include="..\src\core\radsend.h">
      <Filter>core</Filter>
    </ClInclude>
    <ClInclude Include="..\src\core\radtrans.h">
      <Filter>core</Filter>
    </ClInclude>
    <ClInclude Include="..\src\core\radvlpgn.h">
      <Filter>core</Filter>
    </ClInclude>
    <ClInclude Include="..\src\lib\radentry.h">
      <Filter>lib</Filter>
    </ClInclude>
    <ClInclude Include="..\src\ext\triangle\triangle.h">
      <Filter>core</Filter>
    </ClInclude>
  </ItemGroup>
  <ItemGroup>
    <Filter Include="core">
      <UniqueIdentifier>{cb2ad210-a009-4171-a427-f3b0d047f7c8}</UniqueIdentifier>
    </Filter>
    <Filter Include="lib">
      <UniqueIdentifier>{f17d62fb-573d-45bf-9369-7faad7ef2a20}</UniqueIdentifier>
    </Filter>
  </ItemGroup>
</Project>